{
  "version": "5",
  "redirects": {
    "https://esm.sh/@supabase/supabase-js@2": "https://esm.sh/@supabase/supabase-js@2.105.4"
  },
  "remote": {
    "https://deno.land/std@0.208.0/async/delay.ts": "a6142eb44cdd856b645086af2b811b1fcce08ec06bb7d50969e6a872ee9b8659",
    "https://deno.land/std@0.208.0/http/server.ts": "f3cde6672e631d3e00785743cfa96bfed275618c0352c5ae84abbe5a2e0e4afc",
    "https://esm.sh/@supabase/supabase-js@2.105.4": "92cda3ff3af2e241766bc1d53b87167b4d6376d43a0e2f31ddcd6d41a58d09f9"
  },
  "workspace": {
    "packageJson": {
      "dependencies": [
        "npm:@react-native-async-storage/async-storage@2.2.0",
        "npm:@react-native-ml-kit/image-labeling@2",
        "npm:@react-navigation/native-stack@^7.14.11",
        "npm:@react-navigation/native@^7.2.2",
        "npm:@sentry/react-native@7.2",
        "npm:@supabase/supabase-js@^2.103.0",
        "npm:@types/react@19.1",
        "npm:expo-asset@~12.0.13",
        "npm:expo-audio@~1.1.1",
        "npm:expo-build-properties@~1.0.10",
        "npm:expo-constants@~18.0.13",
        "npm:expo-dev-client@~6.0.21",
        "npm:expo-file-system@~19.0.21",
        "npm:expo-haptics@~15.0.8",
        "npm:expo-image-manipulator@~14.0.8",
        "npm:expo-notifications@~0.32.17",
        "npm:expo-print@~15.0.8",
        "npm:expo-sharing@~14.0.8",
        "npm:expo-status-bar@~3.0.9",
        "npm:expo-updates@~29.0.17",
        "npm:expo@~54.0.34",
        "npm:lottie-react-native@~7.3.1",
        "npm:react-dom@19.1.0",
        "npm:react-native-gesture-handler@2.28",
        "npm:react-native-purchases@10.0.1",
        "npm:react-native-reanimated@~4.1.1",
        "npm:react-native-safe-area-context@5.6",
        "npm:react-native-screens@4.16",
        "npm:react-native-svg@15.12.1",
        "npm:react-native-url-polyfill@3",
        "npm:react-native-vision-camera@^4.7.3",
        "npm:react-native-web@0.21",
        "npm:react-native-worklets-core@^1.6.3",
        "npm:react-native-worklets@0.5.1",
        "npm:react-native@0.81.5",
        "npm:react@19.1.0",
        "npm:rive-react-native@^9.8.3",
        "npm:typescript@~5.9.2",
        "npm:zustand@^5.0.12"
      ]
    }
  }
}
